
Microsoft Visual Studio Solution File, Format Version 12.00
# Visual Studio Version 16
VisualStudioVersion = 16.0.30104.148
MinimumVisualStudioVersion = 10.0.40219.1
Project("{FAE04EC0-301F-11D3-BF4B-00C04F79EFBC}") = "tp3", "tp3\tp3.csproj", "{8368C4F3-DB05-4529-BF95-6BDD3BE1F02B}"
EndProject
Global
	GlobalSection(SolutionConfigurationPlatforms) = preSolution
		Debug|Any CPU = Debug|Any CPU
		Release|Any CPU = Release|Any CPU
	EndGlobalSection
	GlobalSection(ProjectConfigurationPlatforms) = postSolution
		{8368C4F3-DB05-4529-BF95-6BDD3BE1F02B}.Debug|Any CPU.ActiveCfg = Debug|Any CPU
		{8368C4F3-DB05-4529-BF95-6BDD3BE1F02B}.Debug|Any CPU.Build.0 = Debug|Any CPU
		{8368C4F3-DB05-4529-BF95-6BDD3BE1F02B}.Release|Any CPU.ActiveCfg = Release|Any CPU
		{8368C4F3-DB05-4529-BF95-6BDD3BE1F02B}.Release|Any CPU.Build.0 = Release|Any CPU
	EndGlobalSection
	GlobalSection(SolutionProperties) = preSolution
		HideSolutionNode = FALSE
	EndGlobalSection
	GlobalSection(ExtensibilityGlobals) = postSolution
		SolutionGuid = {0DDE8FB2-56A7-4FB7-8C30-1559EEDDFD81}
	EndGlobalSection
EndGlobal
